// !$*UTF8*$!
{
	archiveVersion = 1;
	classes = {
	};
	objectVersion = 46;
	objects = {

/* Begin PBXBuildFile section */
		C4437C061D473386009F3089 /* SpringAnimation.swift in Sources */ = {isa = PBXBuildFile; fileRef = C4437C051D473386009F3089 /* SpringAnimation.swift */; };
		C47919051D3AEE1500C98495 /* AppDelegate.swift in Sources */ = {isa = PBXBuildFile; fileRef = C47919041D3AEE1500C98495 /* AppDelegate.swift */; };
		C47919071D3AEE1500C98495 /* ViewController.swift in Sources */ = {isa = PBXBuildFile; fileRef = C47919061D3AEE1500C98495 /* ViewController.swift */; };
		C479190A1D3AEE1500C98495 /* Main.storyboard in Resources */ = {isa = PBXBuildFile; fileRef = C47919081D3AEE1500C98495 /* Main.storyboard */; };
		C479190C1D3AEE1500C98495 /* Images.xcassets in Resources */ = {isa = PBXBuildFile; fileRef = C479190B1D3AEE1500C98495 /* Images.xcassets */; };
		C479190F1D3AEE1500C98495 /* LaunchScreen.xib in Resources */ = {isa = PBXBuildFile; fileRef = C479190D1D3AEE1500C98495 /* LaunchScreen.xib */; };
		C479191B1D3AEE1500C98495 /* TippyTests.swift in Sources */ = {isa = PBXBuildFile; fileRef = C479191A1D3AEE1500C98495 /* TippyTests.swift */; };
/* End PBXBuildFile section */

/* Begin PBXContainerItemProxy section */
		C47919151D3AEE1500C98495 /* PBXContainerItemProxy */ = {
			isa = PBXContainerItemProxy;
			containerPortal = C47918F71D3AEE1500C98495 /* Project object */;
			proxyType = 1;
			remoteGlobalIDString = C47918FE1D3AEE1500C98495;
			remoteInfo = Tippy;
		};
/* End PBXContainerItemProxy section */

/* Begin PBXFileReference section */
		C4437C051D473386009F3089 /* SpringAnimation.swift */ = {isa = PBXFileReference; fileEncoding = 4; lastKnownFileType = sourcecode.swift; path = SpringAnimation.swift; sourceTree = "<group>"; };
		C47918FF1D3AEE1500C98495 /* Tippy.app */ = {isa = PBXFileReference; explicitFileType = wrapper.application; includeInIndex = 0; path = Tippy.app; sourceTree = BUILT_PRODUCTS_DIR; };
		C47919031D3AEE1500C98495 /* Info.plist */ = {isa = PBXFileReference; lastKnownFileType = text.plist.xml; path = Info.plist; sourceTree = "<group>"; };
		C47919041D3AEE1500C98495 /* AppDelegate.swift */ = {isa = PBXFileReference; lastKnownFileType = sourcecode.swift; path = AppDelegate.swift; sourceTree = "<group>"; };
		C47919061D3AEE1500C98495 /* ViewController.swift */ = {isa = PBXFileReference; lastKnownFileType = sourcecode.swift; path = ViewController.swift; sourceTree = "<group>"; };
		C47919091D3AEE1500C98495 /* Base */ = {isa = PBXFileReference; lastKnownFileType = file.storyboard; name = Base; path = Base.lproj/Main.storyboard; sourceTree = "<group>"; };
		C479190B1D3AEE1500C98495 /* Images.xcassets */ = {isa = PBXFileReference; lastKnownFileType = folder.assetcatalog; path = Images.xcassets; sourceTree = "<group>"; };
		C479190E1D3AEE1500C98495 /* Base */ = {isa = PBXFileReference; lastKnownFileType = file.xib; name = Base; path = Base.lproj/LaunchScreen.xib; sourceTree = "<group>"; };
		C47919141D3AEE1500C98495 /* TippyTests.xctest */ = {isa = PBXFileReference; explicitFileType = wrapper.cfbundle; includeInIndex = 0; path = TippyTests.xctest; sourceTree = BUILT_PRODUCTS_DIR; };
		C47919191D3AEE1500C98495 /* Info.plist */ = {isa = PBXFileReference; lastKnownFileType = text.plist.xml; path = Info.plist; sourceTree = "<group>"; };
		C479191A1D3AEE1500C98495 /* TippyTests.swift */ = {isa = PBXFileReference; lastKnownFileType = sourcecode.swift; path = TippyTests.swift; sourceTree = "<group>"; };
/* End PBXFileReference section */

/* Begin PBXFrameworksBuildPhase section */
		C47918FC1D3AEE1500C98495 /* Frameworks */ = {
			isa = PBXFrameworksBuildPhase;
			buildActionMask = 2147483647;
			files = (
			);
			runOnlyForDeploymentPostprocessing = 0;
		};
		C47919111D3AEE1500C98495 /* Frameworks */ = {
			isa = PBXFrameworksBuildPhase;
			buildActionMask = 2147483647;
			files = (
			);
			runOnlyForDeploymentPostprocessing = 0;
		};
/* End PBXFrameworksBuildPhase section */

/* Begin PBXGroup section */
		C47918F61D3AEE1500C98495 = {
			isa = PBXGroup;
			children = (
				C47919011D3AEE1500C98495 /* Tippy */,
				C47919171D3AEE1500C98495 /* TippyTests */,
				C47919001D3AEE1500C98495 /* Products */,
			);
			sourceTree = "<group>";
		};
		C47919001D3AEE1500C98495 /* Products */ = {
			isa = PBXGroup;
			children = (
				C47918FF1D3AEE1500C98495 /* Tippy.app */,
				C47919141D3AEE1500C98495 /* TippyTests.xctest */,
			);
			name = Products;
			sourceTree = "<group>";
		};
		C47919011D3AEE1500C98495 /* Tippy */ = {
			isa = PBXGroup;
			children = (
				C47919041D3AEE1500C98495 /* AppDelegate.swift */,
				C47919061D3AEE1500C98495 /* ViewController.swift */,
				C4437C051D473386009F3089 /* SpringAnimation.swift */,
				C47919081D3AEE1500C98495 /* Main.storyboard */,
				C479190B1D3AEE1500C98495 /* Images.xcassets */,
				C479190D1D3AEE1500C98495 /* LaunchScreen.xib */,
				C47919021D3AEE1500C98495 /* Supporting Files */,
			);
			path = Tippy;
			sourceTree = "<group>";
		};
		C47919021D3AEE1500C98495 /* Supporting Files */ = {
			isa = PBXGroup;
			children = (
				C47919031D3AEE1500C98495 /* Info.plist */,
			);
			name = "Supporting Files";
			sourceTree = "<group>";
		};
		C47919171D3AEE1500C98495 /* TippyTests */ = {
			isa = PBXGroup;
			children = (
				C479191A1D3AEE1500C98495 /* TippyTests.swift */,
				C47919181D3AEE1500C98495 /* Supporting Files */,
			);
			path = TippyTests;
			sourceTree = "<group>";
		};
		C47919181D3AEE1500C98495 /* Supporting Files */ = {
			isa = PBXGroup;
			children = (
				C47919191D3AEE1500C98495 /* Info.plist */,
			);
			name = "Supporting Files";
			sourceTree = "<group>";
		};
/* End PBXGroup section */

/* Begin PBXNativeTarget section */
		C47918FE1D3AEE1500C98495 /* Tippy */ = {
			isa = PBXNativeTarget;
			buildConfigurationList = C479191E1D3AEE1500C98495 /* Build configuration list for PBXNativeTarget "Tippy" */;
			buildPhases = (
				C47918FB1D3AEE1500C98495 /* Sources */,
				C47918FC1D3AEE1500C98495 /* Frameworks */,
				C47918FD1D3AEE1500C98495 /* Resources */,
			);
			buildRules = (
			);
			dependencies = (
			);
			name = Tippy;
			productName = Tippy;
			productReference = C47918FF1D3AEE1500C98495 /* Tippy.app */;
			productType = "com.apple.product-type.application";
		};
		C47919131D3AEE1500C98495 /* TippyTests */ = {
			isa = PBXNativeTarget;
			buildConfigurationList = C47919211D3AEE1500C98495 /* Build configuration list for PBXNativeTarget "TippyTests" */;
			buildPhases = (
				C47919101D3AEE1500C98495 /* Sources */,
				C47919111D3AEE1500C98495 /* Frameworks */,
				C47919121D3AEE1500C98495 /* Resources */,
			);
			buildRules = (
			);
			dependencies = (
				C47919161D3AEE1500C98495 /* PBXTargetDependency */,
			);
			name = TippyTests;
			productName = TippyTests;
			productReference = C47919141D3AEE1500C98495 /* TippyTests.xctest */;
			productType = "com.apple.product-type.bundle.unit-test";
		};
/* End PBXNativeTarget section */

/* Begin PBXProject section */
		C47918F71D3AEE1500C98495 /* Project object */ = {
			isa = PBXProject;
			attributes = {
				LastSwiftUpdateCheck = 0730;
				LastUpgradeCheck = 0730;
				ORGANIZATIONNAME = "Daniel Lin";
				TargetAttributes = {
					C47918FE1D3AEE1500C98495 = {
						CreatedOnToolsVersion = 6.3.1;
					};
					C47919131D3AEE1500C98495 = {
						CreatedOnToolsVersion = 6.3.1;
						TestTargetID = C47918FE1D3AEE1500C98495;
					};
				};
			};
			buildConfigurationList = C47918FA1D3AEE1500C98495 /* Build configuration list for PBXProject "Tippy" */;
			compatibilityVersion = "Xcode 3.2";
			developmentRegion = English;
			hasScannedForEncodings = 0;
			knownRegions = (
				en,
				Base,
			);
			mainGroup = C47918F61D3AEE1500C98495;
			productRefGroup = C47919001D3AEE1500C98495 /* Products */;
			projectDirPath = "";
			projectRoot = "";
			targets = (
				C47918FE1D3AEE1500C98495 /* Tippy */,
				C47919131D3AEE1500C98495 /* TippyTests */,
			);
		};
/* End PBXProject section */

/* Begin PBXResourcesBuildPhase section */
		C47918FD1D3AEE1500C98495 /* Resources */ = {
			isa = PBXResourcesBuildPhase;
			buildActionMask = 2147483647;
			files = (
				C479190A1D3AEE1500C98495 /* Main.storyboard in Resources */,
				C479190F1D3AEE1500C98495 /* LaunchScreen.xib in Resources */,
				C479190C1D3AEE1500C98495 /* Images.xcassets in Resources */,
			);
			runOnlyForDeploymentPostprocessing = 0;
		};
		C47919121D3AEE1500C98495 /* Resources */ = {
			isa = PBXResourcesBuildPhase;
			buildActionMask = 2147483647;
			files = (
			);
			runOnlyForDeploymentPostprocessing = 0;
		};
/* End PBXResourcesBuildPhase section */

/* Begin PBXSourcesBuildPhase section */
		C47918FB1D3AEE1500C98495 /* Sources */ = {
			isa = PBXSourcesBuildPhase;
			buildActionMask = 2147483647;
			files = (
				C4437C061D473386009F3089 /* SpringAnimation.swift in Sources */,
				C47919071D3AEE1500C98495 /* ViewController.swift in Sources */,
				C47919051D3AEE1500C98495 /* AppDelegate.swift in Sources */,
			);
			runOnlyForDeploymentPostprocessing = 0;
		};
		C47919101D3AEE1500C98495 /* Sources */ = {
			isa = PBXSourcesBuildPhase;
			buildActionMask = 2147483647;
			files = (
				C479191B1D3AEE1500C98495 /* TippyTests.swift in Sources */,
			);
			runOnlyForDeploymentPostprocessing = 0;
		};
/* End PBXSourcesBuildPhase section */

/* Begin PBXTargetDependency section */
		C47919161D3AEE1500C98495 /* PBXTargetDependency */ = {
			isa = PBXTargetDependency;
			target = C47918FE1D3AEE1500C98495 /* Tippy */;
			targetProxy = C47919151D3AEE1500C98495 /* PBXContainerItemProxy */;
		};
/* End PBXTargetDependency section */

/* Begin PBXVariantGroup section */
		C47919081D3AEE1500C98495 /* Main.storyboard */ = {
			isa = PBXVariantGroup;
			children = (
				C47919091D3AEE1500C98495 /* Base */,
			);
			name = Main.storyboard;
			sourceTree = "<group>";
		};
		C479190D1D3AEE1500C98495 /* LaunchScreen.xib */ = {
			isa = PBXVariantGroup;
			children = (
				C479190E1D3AEE1500C98495 /* Base */,
			);
			name = LaunchScreen.xib;
			sourceTree = "<group>";
		};
/* End PBXVariantGroup section */

/* Begin XCBuildConfiguration section */
		C479191C1D3AEE1500C98495 /* Debug */ = {
			isa = XCBuildConfiguration;
			buildSettings = {
				ALWAYS_SEARCH_USER_PATHS = NO;
				CLANG_CXX_LANGUAGE_STANDARD = "gnu++0x";
				CLANG_CXX_LIBRARY = "libc++";
				CLANG_ENABLE_MODULES = YES;
				CLANG_ENABLE_OBJC_ARC = YES;
				CLANG_WARN_BOOL_CONVERSION = YES;
				CLANG_WARN_CONSTANT_CONVERSION = YES;
				CLANG_WARN_DIRECT_OBJC_ISA_USAGE = YES_ERROR;
				CLANG_WARN_EMPTY_BODY = YES;
				CLANG_WARN_ENUM_CONVERSION = YES;
				CLANG_WARN_INT_CONVERSION = YES;
				CLANG_WARN_OBJC_ROOT_CLASS = YES_ERROR;
				CLANG_WARN_UNREACHABLE_CODE = YES;
				CLANG_WARN__DUPLICATE_METHOD_MATCH = YES;
				"CODE_SIGN_IDENTITY[sdk=iphoneos*]" = "iPhone Developer";
				COPY_PHASE_STRIP = NO;
				DEBUG_INFORMATION_FORMAT = "dwarf-with-dsym";
				ENABLE_STRICT_OBJC_MSGSEND = YES;
				ENABLE_TESTABILITY = YES;
				GCC_C_LANGUAGE_STANDARD = gnu99;
				GCC_DYNAMIC_NO_PIC = NO;
				GCC_NO_COMMON_BLOCKS = YES;
				GCC_OPTIMIZATION_LEVEL = 0;
				GCC_PREPROCESSOR_DEFINITIONS = (
					"DEBUG=1",
					"$(inherited)",
				);
				GCC_SYMBOLS_PRIVATE_EXTERN = NO;
				GCC_WARN_64_TO_32_BIT_CONVERSION = YES;
				GCC_WARN_ABOUT_RETURN_TYPE = YES_ERROR;
				GCC_WARN_UNDECLARED_SELECTOR = YES;
				GCC_WARN_UNINITIALIZED_AUTOS = YES_AGGRESSIVE;
				GCC_WARN_UNUSED_FUNCTION = YES;
				GCC_WARN_UNUSED_VARIABLE = YES;
				IPHONEOS_DEPLOYMENT_TARGET = 8.3;
				MTL_ENABLE_DEBUG_INFO = YES;
				ONLY_ACTIVE_ARCH = YES;
				SDKROOT = iphoneos;
				SWIFT_OPTIMIZATION_LEVEL = "-Onone";
			};
			name = Debug;
		};
		C479191D1D3AEE1500C98495 /* Release */ = {
			isa = XCBuildConfiguration;
			buildSettings = {
				ALWAYS_SEARCH_USER_PATHS = NO;
				CLANG_CXX_LANGUAGE_STANDARD = "gnu++0x";
				CLANG_CXX_LIBRARY = "libc++";
				CLANG_ENABLE_MODULES = YES;
				CLANG_ENABLE_OBJC_ARC = YES;
				CLANG_WARN_BOOL_CONVERSION = YES;
				CLANG_WARN_CONSTANT_CONVERSION = YES;
				CLANG_WARN_DIRECT_OBJC_ISA_USAGE = YES_ERROR;
				CLANG_WARN_EMPTY_BODY = YES;
				CLANG_WARN_ENUM_CONVERSION = YES;
				CLANG_WARN_INT_CONVERSION = YES;
				CLANG_WARN_OBJC_ROOT_CLASS = YES_ERROR;
				CLANG_WARN_UNREACHABLE_CODE = YES;
				CLANG_WARN__DUPLICATE_METHOD_MATCH = YES;
				"CODE_SIGN_IDENTITY[sdk=iphoneos*]" = "iPhone Developer";
				COPY_PHASE_STRIP = NO;
				DEBUG_INFORMATION_FORMAT = "dwarf-with-dsym";
				ENABLE_NS_ASSERTIONS = NO;
				ENABLE_STRICT_OBJC_MSGSEND = YES;
				GCC_C_LANGUAGE_STANDARD = gnu99;
				GCC_NO_COMMON_BLOCKS = YES;
				GCC_WARN_64_TO_32_BIT_CONVERSION = YES;
				GCC_WARN_ABOUT_RETURN_TYPE = YES_ERROR;
				GCC_WARN_UNDECLARED_SELECTOR = YES;
				GCC_WARN_UNINITIALIZED_AUTOS = YES_AGGRESSIVE;
				GCC_WARN_UNUSED_FUNCTION = YES;
				GCC_WARN_UNUSED_VARIABLE = YES;
				IPHONEOS_DEPLOYMENT_TARGET = 8.3;
				MTL_ENABLE_DEBUG_INFO = NO;
				SDKROOT = iphoneos;
				VALIDATE_PRODUCT = YES;
			};
			name = Release;
		};
		C479191F1D3AEE1500C98495 /* Debug */ = {
			isa = XCBuildConfiguration;
			buildSettings = {
				ASSETCATALOG_COMPILER_APPICON_NAME = AppIcon;
				INFOPLIST_FILE = Tippy/Info.plist;
				LD_RUNPATH_SEARCH_PATHS = "$(inherited) @executable_path/Frameworks";
				PRODUCT_BUNDLE_IDENTIFIER = "O.$(PRODUCT_NAME:rfc1034identifier)";
				PRODUCT_NAME = "$(TARGET_NAME)";
			};
			name = Debug;
		};
		C47919201D3AEE1500C98495 /* Release */ = {
			isa = XCBuildConfiguration;
			buildSettings = {
				ASSETCATALOG_COMPILER_APPICON_NAME = AppIcon;
				INFOPLIST_FILE = Tippy/Info.plist;
				LD_RUNPATH_SEARCH_PATHS = "$(inherited) @executable_path/Frameworks";
				PRODUCT_BUNDLE_IDENTIFIER = "O.$(PRODUCT_NAME:rfc1034identifier)";
				PRODUCT_NAME = "$(TARGET_NAME)";
			};
			name = Release;
		};
		C47919221D3AEE1500C98495 /* Debug */ = {
			isa = XCBuildConfiguration;
			buildSettings = {
				BUNDLE_LOADER = "$(TEST_HOST)";
				FRAMEWORK_SEARCH_PATHS = (
					"$(SDKROOT)/Developer/Library/Frameworks",
					"$(inherited)",
				);
				GCC_PREPROCESSOR_DEFINITIONS = (
					"DEBUG=1",
					"$(inherited)",
				);
				INFOPLIST_FILE = TippyTests/Info.plist;
				LD_RUNPATH_SEARCH_PATHS = "$(inherited) @executable_path/Frameworks @loader_path/Frameworks";
				PRODUCT_BUNDLE_IDENTIFIER = "O.$(PRODUCT_NAME:rfc1034identifier)";
				PRODUCT_NAME = "$(TARGET_NAME)";
				TEST_HOST = "$(BUILT_PRODUCTS_DIR)/Tippy.app/Tippy";
			};
			name = Debug;
		};
		C47919231D3AEE1500C98495 /* Release */ = {
			isa = XCBuildConfiguration;
			buildSettings = {
				BUNDLE_LOADER = "$(TEST_HOST)";
				FRAMEWORK_SEARCH_PATHS = (
					"$(SDKROOT)/Developer/Library/Frameworks",
					"$(inherited)",
				);
				INFOPLIST_FILE = TippyTests/Info.plist;
				LD_RUNPATH_SEARCH_PATHS = "$(inherited) @executable_path/Frameworks @loader_path/Frameworks";
				PRODUCT_BUNDLE_IDENTIFIER = "O.$(PRODUCT_NAME:rfc1034identifier)";
				PRODUCT_NAME = "$(TARGET_NAME)";
				TEST_HOST = "$(BUILT_PRODUCTS_DIR)/Tippy.app/Tippy";
			};
			name = Release;
		};
/* End XCBuildConfiguration section */

/* Begin XCConfigurationList section */
		C47918FA1D3AEE1500C98495 /* Build configuration list for PBXProject "Tippy" */ = {
			isa = XCConfigurationList;
			buildConfigurations = (
				C479191C1D3AEE1500C98495 /* Debug */,
				C479191D1D3AEE1500C98495 /* Release */,
			);
			defaultConfigurationIsVisible = 0;
			defaultConfigurationName = Release;
		};
		C479191E1D3AEE1500C98495 /* Build configuration list for PBXNativeTarget "Tippy" */ = {
			isa = XCConfigurationList;
			buildConfigurations = (
				C479191F1D3AEE1500C98495 /* Debug */,
				C47919201D3AEE1500C98495 /* Release */,
			);
			defaultConfigurationIsVisible = 0;
			defaultConfigurationName = Release;
		};
		C47919211D3AEE1500C98495 /* Build configuration list for PBXNativeTarget "TippyTests" */ = {
			isa = XCConfigurationList;
			buildConfigurations = (
				C47919221D3AEE1500C98495 /* Debug */,
				C47919231D3AEE1500C98495 /* Release */,
			);
			defaultConfigurationIsVisible = 0;
			defaultConfigurationName = Release;
		};
/* End XCConfigurationList section */
	};
	rootObject = C47918F71D3AEE1500C98495 /* Project object */;
}
